
Microsoft Visual Studio Solution File, Format Version 12.00
# Visual Studio Version 16
VisualStudioVersion = 16.0.31005.135
MinimumVisualStudioVersion = 10.0.40219.1
Project("{FAE04EC0-301F-11D3-BF4B-00C04F79EFBC}") = "NizzleCsharp", "NizzleCsharp\NizzleCsharp.csproj", "{31DDD3E6-66E6-4958-8307-52130811EF5C}"
EndProject
Global
	GlobalSection(SolutionConfigurationPlatforms) = preSolution
		Debug|Any CPU = Debug|Any CPU
		Release|Any CPU = Release|Any CPU
	EndGlobalSection
	GlobalSection(ProjectConfigurationPlatforms) = postSolution
		{31DDD3E6-66E6-4958-8307-52130811EF5C}.Debug|Any CPU.ActiveCfg = Debug|Any CPU
		{31DDD3E6-66E6-4958-8307-52130811EF5C}.Debug|Any CPU.Build.0 = Debug|Any CPU
		{31DDD3E6-66E6-4958-8307-52130811EF5C}.Release|Any CPU.ActiveCfg = Release|Any CPU
		{31DDD3E6-66E6-4958-8307-52130811EF5C}.Release|Any CPU.Build.0 = Release|Any CPU
	EndGlobalSection
	GlobalSection(SolutionProperties) = preSolution
		HideSolutionNode = FALSE
	EndGlobalSection
	GlobalSection(ExtensibilityGlobals) = postSolution
		SolutionGuid = {30AC2C03-69A2-4854-BA62-CCECF67565CF}
	EndGlobalSection
EndGlobal
